<?xml version="1.0" encoding="utf-8"?>
<Project ToolsVersion="4.0" xmlns="http://schemas.microsoft.com/developer/msbuild/2003">
  <ItemGroup>
    <Filter Include="Source Files">
      <UniqueIdentifier>{38289c41-b559-47b3-a1fb-b2b9f4806e6c}</UniqueIdentifier>
      <Extensions>cpp;c;cxx;rc;def;r;odl;idl;hpj;bat</Extensions>
    </Filter>
    <Filter Include="Header Files">
      <UniqueIdentifier>{dd0b1358-879b-40e4-9d35-24e5ece9530c}</UniqueIdentifier>
      <Extensions>h;hpp;hxx;hm;inl</Extensions>
    </Filter>
  </ItemGroup>
  <ItemGroup>
    <ClCompile Include="analyze.c">
      <Filter>Source Files</Filter>
    </ClCompile>
    <ClCompile Include="crash.c">
      <Filter>Source Files</Filter>
    </ClCompile>
    <ClCompile Include="DICOM.c">
      <Filter>Source Files</Filter>
    </ClCompile>
    <ClCompile Include="getopt.c">
      <Filter>Source Files</Filter>
    </ClCompile>
    <ClCompile Include="interfile.c">
      <Filter>Source Files</Filter>
    </ClCompile>
    <ClCompile Include="isotope_info.c">
      <Filter>Source Files</Filter>
    </ClCompile>
    <ClCompile Include="machine_indep.c">
      <Filter>Source Files</Filter>
    </ClCompile>
    <ClCompile Include="matpkg.c">
      <Filter>Source Files</Filter>
    </ClCompile>
    <ClCompile Include="matrix.c">
      <Filter>Source Files</Filter>
    </ClCompile>
    <ClCompile Include="matrix_extra.c">
      <Filter>Source Files</Filter>
    </ClCompile>
    <ClCompile Include="matrix_resize_1.c">
      <Filter>Source Files</Filter>
    </ClCompile>
    <ClCompile Include="matrix_resize_2.c">
      <Filter>Source Files</Filter>
    </ClCompile>
    <ClCompile Include="matrix_resize_4.c">
      <Filter>Source Files</Filter>
    </ClCompile>
    <ClCompile Include="matrix_slice.c">
      <Filter>Source Files</Filter>
    </ClCompile>
    <ClCompile Include="num_sort.c">
      <Filter>Source Files</Filter>
    </ClCompile>
    <ClCompile Include="plandefs.c">
      <Filter>Source Files</Filter>
    </ClCompile>
    <ClCompile Include="scanner_model.c">
      <Filter>Source Files</Filter>
    </ClCompile>
  </ItemGroup>
  <ItemGroup>
    <ClInclude Include="analyze.h">
      <Filter>Header Files</Filter>
    </ClInclude>
    <ClInclude Include="DICOM.h">
      <Filter>Header Files</Filter>
    </ClInclude>
    <ClInclude Include="getopt.h">
      <Filter>Header Files</Filter>
    </ClInclude>
    <ClInclude Include="interfile.h">
      <Filter>Header Files</Filter>
    </ClInclude>
    <ClInclude Include="isotope_info.h">
      <Filter>Header Files</Filter>
    </ClInclude>
    <ClInclude Include="load_volume.h">
      <Filter>Header Files</Filter>
    </ClInclude>
    <ClInclude Include="machine_indep.h">
      <Filter>Header Files</Filter>
    </ClInclude>
    <ClInclude Include="matpkg.h">
      <Filter>Header Files</Filter>
    </ClInclude>
    <ClInclude Include="matrix.h">
      <Filter>Header Files</Filter>
    </ClInclude>
    <ClInclude Include="matrix_resize.h">
      <Filter>Header Files</Filter>
    </ClInclude>
    <ClInclude Include="matrix_utils.h">
      <Filter>Header Files</Filter>
    </ClInclude>
    <ClInclude Include="num_sort.h">
      <Filter>Header Files</Filter>
    </ClInclude>
    <ClInclude Include="plandefs.h">
      <Filter>Header Files</Filter>
    </ClInclude>
    <ClInclude Include="scanner_model.h">
      <Filter>Header Files</Filter>
    </ClInclude>
  </ItemGroup>
</Project>