
Microsoft Visual Studio Solution File, Format Version 12.00
# Visual Studio 2013
VisualStudioVersion = 12.0.21005.1
MinimumVisualStudioVersion = 10.0.40219.1
Project("{8BC9CEB8-8B4A-11D0-8D11-00A0C91BC942}") = "ecatx", "ecatx.vcxproj", "{55B6B971-D31F-47F2-97A0-CA71AF815D45}"
EndProject
Project("{8BC9CEB8-8B4A-11D0-8D11-00A0C91BC942}") = "matcopy", "utils\matcopy.vcxproj", "{BAE4B6F6-E92E-4C15-9E41-96C717A79F10}"
EndProject
Project("{8BC9CEB8-8B4A-11D0-8D11-00A0C91BC942}") = "sum_frames", "utils\sum_frames.vcxproj", "{D68A5522-1D08-46E8-9E94-9622137E4460}"
EndProject
Project("{8BC9CEB8-8B4A-11D0-8D11-00A0C91BC942}") = "cti2analyze", "utils\cti2analyze.vcxproj", "{31905C0C-E991-48B8-8555-3E76A7B9048C}"
EndProject
Project("{8BC9CEB8-8B4A-11D0-8D11-00A0C91BC942}") = "mat_rescale", "utils\mat_rescale.vcxproj", "{C4A7B254-B7F0-4790-93F3-AB6B62859708}"
EndProject
Project("{8BC9CEB8-8B4A-11D0-8D11-00A0C91BC942}") = "fix_mh", "utils\fix_mh.vcxproj", "{4D10B200-8764-494C-8A5B-8C26227EA2DF}"
EndProject
Project("{8BC9CEB8-8B4A-11D0-8D11-00A0C91BC942}") = "imagemath", "utils\imagemath.vcxproj", "{0EB33FE2-EF51-4343-B77F-E0AEB92C41C4}"
EndProject
Project("{8BC9CEB8-8B4A-11D0-8D11-00A0C91BC942}") = "matinfo", "utils\matinfo.vcxproj", "{57D53022-181F-400F-9D25-7D9C0E99712A}"
EndProject
Global
	GlobalSection(SolutionConfigurationPlatforms) = preSolution
		Debug|Win32 = Debug|Win32
		Debug|x64 = Debug|x64
		Release|Win32 = Release|Win32
		Release|x64 = Release|x64
	EndGlobalSection
	GlobalSection(ProjectConfigurationPlatforms) = postSolution
		{55B6B971-D31F-47F2-97A0-CA71AF815D45}.Debug|Win32.ActiveCfg = Debug|Win32
		{55B6B971-D31F-47F2-97A0-CA71AF815D45}.Debug|Win32.Build.0 = Debug|Win32
		{55B6B971-D31F-47F2-97A0-CA71AF815D45}.Debug|x64.ActiveCfg = Debug|x64
		{55B6B971-D31F-47F2-97A0-CA71AF815D45}.Debug|x64.Build.0 = Debug|x64
		{55B6B971-D31F-47F2-97A0-CA71AF815D45}.Release|Win32.ActiveCfg = Release|Win32
		{55B6B971-D31F-47F2-97A0-CA71AF815D45}.Release|Win32.Build.0 = Release|Win32
		{55B6B971-D31F-47F2-97A0-CA71AF815D45}.Release|x64.ActiveCfg = Release|x64
		{55B6B971-D31F-47F2-97A0-CA71AF815D45}.Release|x64.Build.0 = Release|x64
		{BAE4B6F6-E92E-4C15-9E41-96C717A79F10}.Debug|Win32.ActiveCfg = Debug|Win32
		{BAE4B6F6-E92E-4C15-9E41-96C717A79F10}.Debug|Win32.Build.0 = Debug|Win32
		{BAE4B6F6-E92E-4C15-9E41-96C717A79F10}.Debug|x64.ActiveCfg = Debug|Win32
		{BAE4B6F6-E92E-4C15-9E41-96C717A79F10}.Release|Win32.ActiveCfg = Release|Win32
		{BAE4B6F6-E92E-4C15-9E41-96C717A79F10}.Release|Win32.Build.0 = Release|Win32
		{BAE4B6F6-E92E-4C15-9E41-96C717A79F10}.Release|x64.ActiveCfg = Release|Win32
		{D68A5522-1D08-46E8-9E94-9622137E4460}.Debug|Win32.ActiveCfg = Debug|Win32
		{D68A5522-1D08-46E8-9E94-9622137E4460}.Debug|Win32.Build.0 = Debug|Win32
		{D68A5522-1D08-46E8-9E94-9622137E4460}.Debug|x64.ActiveCfg = Debug|Win32
		{D68A5522-1D08-46E8-9E94-9622137E4460}.Release|Win32.ActiveCfg = Release|Win32
		{D68A5522-1D08-46E8-9E94-9622137E4460}.Release|Win32.Build.0 = Release|Win32
		{D68A5522-1D08-46E8-9E94-9622137E4460}.Release|x64.ActiveCfg = Release|Win32
		{31905C0C-E991-48B8-8555-3E76A7B9048C}.Debug|Win32.ActiveCfg = Debug|Win32
		{31905C0C-E991-48B8-8555-3E76A7B9048C}.Debug|Win32.Build.0 = Debug|Win32
		{31905C0C-E991-48B8-8555-3E76A7B9048C}.Debug|x64.ActiveCfg = Debug|Win32
		{31905C0C-E991-48B8-8555-3E76A7B9048C}.Release|Win32.ActiveCfg = Release|Win32
		{31905C0C-E991-48B8-8555-3E76A7B9048C}.Release|Win32.Build.0 = Release|Win32
		{31905C0C-E991-48B8-8555-3E76A7B9048C}.Release|x64.ActiveCfg = Release|Win32
		{C4A7B254-B7F0-4790-93F3-AB6B62859708}.Debug|Win32.ActiveCfg = Debug|Win32
		{C4A7B254-B7F0-4790-93F3-AB6B62859708}.Debug|Win32.Build.0 = Debug|Win32
		{C4A7B254-B7F0-4790-93F3-AB6B62859708}.Debug|x64.ActiveCfg = Debug|Win32
		{C4A7B254-B7F0-4790-93F3-AB6B62859708}.Release|Win32.ActiveCfg = Release|Win32
		{C4A7B254-B7F0-4790-93F3-AB6B62859708}.Release|Win32.Build.0 = Release|Win32
		{C4A7B254-B7F0-4790-93F3-AB6B62859708}.Release|x64.ActiveCfg = Release|Win32
		{4D10B200-8764-494C-8A5B-8C26227EA2DF}.Debug|Win32.ActiveCfg = Debug|Win32
		{4D10B200-8764-494C-8A5B-8C26227EA2DF}.Debug|Win32.Build.0 = Debug|Win32
		{4D10B200-8764-494C-8A5B-8C26227EA2DF}.Debug|x64.ActiveCfg = Debug|Win32
		{4D10B200-8764-494C-8A5B-8C26227EA2DF}.Release|Win32.ActiveCfg = Release|Win32
		{4D10B200-8764-494C-8A5B-8C26227EA2DF}.Release|Win32.Build.0 = Release|Win32
		{4D10B200-8764-494C-8A5B-8C26227EA2DF}.Release|x64.ActiveCfg = Release|Win32
		{0EB33FE2-EF51-4343-B77F-E0AEB92C41C4}.Debug|Win32.ActiveCfg = Debug|Win32
		{0EB33FE2-EF51-4343-B77F-E0AEB92C41C4}.Debug|Win32.Build.0 = Debug|Win32
		{0EB33FE2-EF51-4343-B77F-E0AEB92C41C4}.Debug|x64.ActiveCfg = Debug|Win32
		{0EB33FE2-EF51-4343-B77F-E0AEB92C41C4}.Release|Win32.ActiveCfg = Release|Win32
		{0EB33FE2-EF51-4343-B77F-E0AEB92C41C4}.Release|Win32.Build.0 = Release|Win32
		{0EB33FE2-EF51-4343-B77F-E0AEB92C41C4}.Release|x64.ActiveCfg = Release|Win32
		{57D53022-181F-400F-9D25-7D9C0E99712A}.Debug|Win32.ActiveCfg = Debug|Win32
		{57D53022-181F-400F-9D25-7D9C0E99712A}.Debug|Win32.Build.0 = Debug|Win32
		{57D53022-181F-400F-9D25-7D9C0E99712A}.Debug|x64.ActiveCfg = Debug|Win32
		{57D53022-181F-400F-9D25-7D9C0E99712A}.Release|Win32.ActiveCfg = Release|Win32
		{57D53022-181F-400F-9D25-7D9C0E99712A}.Release|Win32.Build.0 = Release|Win32
		{57D53022-181F-400F-9D25-7D9C0E99712A}.Release|x64.ActiveCfg = Release|Win32
	EndGlobalSection
	GlobalSection(SolutionProperties) = preSolution
		HideSolutionNode = FALSE
	EndGlobalSection
EndGlobal
