
Microsoft Visual Studio Solution File, Format Version 9.00
# Visual Studio 2005
Project("{8BC9CEB8-8B4A-11D0-8D11-00A0C91BC942}") = "motion_qc", "motion_qc.vcproj", "{1BE3DB1C-8FD9-4D93-9718-F585CC350C18}"
EndProject
Project("{8BC9CEB8-8B4A-11D0-8D11-00A0C91BC942}") = "motion_correct_recon", "motion_correct_recon.vcproj", "{B5004EB8-4961-4C9B-A97E-7DDF77122246}"
EndProject
Project("{8BC9CEB8-8B4A-11D0-8D11-00A0C91BC942}") = "MAF_join", "MAF_join.vcproj", "{8276EF7C-DE79-4188-8A7F-7A0615AE22D9}"
EndProject
Project("{8BC9CEB8-8B4A-11D0-8D11-00A0C91BC942}") = "motion_distance", "motion_distance.vcproj", "{C08D38F8-9A1B-4EA2-A749-D51712F573D8}"
EndProject
Global
	GlobalSection(SolutionConfigurationPlatforms) = preSolution
		Debug|Win32 = Debug|Win32
		Release|Win32 = Release|Win32
	EndGlobalSection
	GlobalSection(ProjectConfigurationPlatforms) = postSolution
		{1BE3DB1C-8FD9-4D93-9718-F585CC350C18}.Debug|Win32.ActiveCfg = Debug|Win32
		{1BE3DB1C-8FD9-4D93-9718-F585CC350C18}.Debug|Win32.Build.0 = Debug|Win32
		{1BE3DB1C-8FD9-4D93-9718-F585CC350C18}.Release|Win32.ActiveCfg = Release|Win32
		{1BE3DB1C-8FD9-4D93-9718-F585CC350C18}.Release|Win32.Build.0 = Release|Win32
		{B5004EB8-4961-4C9B-A97E-7DDF77122246}.Debug|Win32.ActiveCfg = Debug|Win32
		{B5004EB8-4961-4C9B-A97E-7DDF77122246}.Debug|Win32.Build.0 = Debug|Win32
		{B5004EB8-4961-4C9B-A97E-7DDF77122246}.Release|Win32.ActiveCfg = Release|Win32
		{B5004EB8-4961-4C9B-A97E-7DDF77122246}.Release|Win32.Build.0 = Release|Win32
		{8276EF7C-DE79-4188-8A7F-7A0615AE22D9}.Debug|Win32.ActiveCfg = Debug|Win32
		{8276EF7C-DE79-4188-8A7F-7A0615AE22D9}.Debug|Win32.Build.0 = Debug|Win32
		{8276EF7C-DE79-4188-8A7F-7A0615AE22D9}.Release|Win32.ActiveCfg = Release|Win32
		{8276EF7C-DE79-4188-8A7F-7A0615AE22D9}.Release|Win32.Build.0 = Release|Win32
		{C08D38F8-9A1B-4EA2-A749-D51712F573D8}.Debug|Win32.ActiveCfg = Debug|Win32
		{C08D38F8-9A1B-4EA2-A749-D51712F573D8}.Debug|Win32.Build.0 = Debug|Win32
		{C08D38F8-9A1B-4EA2-A749-D51712F573D8}.Release|Win32.ActiveCfg = Release|Win32
		{C08D38F8-9A1B-4EA2-A749-D51712F573D8}.Release|Win32.Build.0 = Release|Win32
	EndGlobalSection
	GlobalSection(SolutionProperties) = preSolution
		HideSolutionNode = FALSE
	EndGlobalSection
EndGlobal
