<?xml version="1.0" encoding="utf-8"?>
<Project ToolsVersion="4.0" xmlns="http://schemas.microsoft.com/developer/msbuild/2003">
  <ItemGroup>
    <Filter Include="Source Files">
      <UniqueIdentifier>{eb7d9149-fe64-4465-be0f-7195b8e14769}</UniqueIdentifier>
      <Extensions>cpp;c;cxx;rc;def;r;odl;idl;hpj;bat</Extensions>
    </Filter>
    <Filter Include="Source Files\Resource Files">
      <UniqueIdentifier>{e57f3581-c91c-4408-899f-40a1a90a7e4d}</UniqueIdentifier>
      <Extensions>ico;cur;bmp;dlg;rc2;rct;bin;rgs;gif;jpg;jpeg;jpe</Extensions>
    </Filter>
    <Filter Include="Header Files">
      <UniqueIdentifier>{e8d2db76-a7bc-4282-8477-0ca787717e1b}</UniqueIdentifier>
      <Extensions>h;hpp;hxx;hm;inl</Extensions>
    </Filter>
  </ItemGroup>
  <ItemGroup>
    <ClCompile Include="convert_span9.cpp">
      <Filter>Source Files</Filter>
    </ClCompile>
    <ClCompile Include="dtc.cpp">
      <Filter>Source Files</Filter>
    </ClCompile>
    <ClCompile Include="FLAGS.CPP">
      <Filter>Source Files</Filter>
    </ClCompile>
    <ClCompile Include="gantryinfo.cpp">
      <Filter>Source Files</Filter>
    </ClCompile>
    <ClCompile Include="Header.cpp">
      <Filter>Source Files</Filter>
    </ClCompile>
    <ClCompile Include="histogram_mp.cpp">
      <Filter>Source Files</Filter>
    </ClCompile>
    <ClCompile Include="LM_Reader_mp.cpp">
      <Filter>Source Files</Filter>
    </ClCompile>
    <ClCompile Include="LM_Rebinner_mp.cpp">
      <Filter>Source Files</Filter>
    </ClCompile>
    <ClCompile Include="lmhistogram_mp.cpp">
      <Filter>Source Files</Filter>
    </ClCompile>
  </ItemGroup>
  <ItemGroup>
    <ClInclude Include="Header.h">
      <Filter>Source Files</Filter>
    </ClInclude>
    <ClInclude Include="convert_span9.h">
      <Filter>Header Files</Filter>
    </ClInclude>
    <ClInclude Include="dtc.h">
      <Filter>Header Files</Filter>
    </ClInclude>
    <ClInclude Include="FLAGS.H">
      <Filter>Header Files</Filter>
    </ClInclude>
    <ClInclude Include="gantryinfo.h">
      <Filter>Header Files</Filter>
    </ClInclude>
    <ClInclude Include="histogram_mp.h">
      <Filter>Header Files</Filter>
    </ClInclude>
    <ClInclude Include="LM_Reader_mp.h">
      <Filter>Header Files</Filter>
    </ClInclude>
    <ClInclude Include="LM_Rebinner_mp.h">
      <Filter>Header Files</Filter>
    </ClInclude>
  </ItemGroup>
  <ItemGroup>
    <Text Include="ReadMe.txt" />
  </ItemGroup>
</Project>