Microsoft Visual Studio Solution File, Format Version 9.00
# Visual Studio 2005
Project("{8BC9CEB8-8B4A-11D0-8D11-00A0C91BC942}") = "e7_atten", "e7_atten_prj\e7_atten.vcproj", "{893AEDB7-472A-43B6-BBC5-59722D6A676C}"
	ProjectSection(ProjectDependencies) = postProject
		{9F399A08-1497-4786-921C-016681113848} = {9F399A08-1497-4786-921C-016681113848}
		{96FDC116-2A84-45E8-8D36-A8191EB7936D} = {96FDC116-2A84-45E8-8D36-A8191EB7936D}
		{45D49560-77F6-4389-855E-F4B7B85323A6} = {45D49560-77F6-4389-855E-F4B7B85323A6}
		{1243AA60-C301-4D70-83DE-FA418A0F5527} = {1243AA60-C301-4D70-83DE-FA418A0F5527}
		{EEE1636A-FC64-45D6-936C-C6995869FB87} = {EEE1636A-FC64-45D6-936C-C6995869FB87}
		{11135270-9179-4C4C-AD5B-331574BDB58A} = {11135270-9179-4C4C-AD5B-331574BDB58A}
		{5A5F137B-18C9-456D-B42D-7E6389646DAE} = {5A5F137B-18C9-456D-B42D-7E6389646DAE}
		{41DEFC83-F626-4F93-94DB-9BEE23938BCD} = {41DEFC83-F626-4F93-94DB-9BEE23938BCD}
		{FCA4D887-77C1-4138-BAF4-C0C60552DC5A} = {FCA4D887-77C1-4138-BAF4-C0C60552DC5A}
		{2B98C9AA-0BA4-4847-AFA6-59F8D910DE91} = {2B98C9AA-0BA4-4847-AFA6-59F8D910DE91}
		{849B01C8-5548-44AB-9190-E46F85E9C941} = {849B01C8-5548-44AB-9190-E46F85E9C941}
		{557153D1-F741-4329-BDA7-0918C58F3FA7} = {557153D1-F741-4329-BDA7-0918C58F3FA7}
	EndProjectSection
EndProject
Project("{8BC9CEB8-8B4A-11D0-8D11-00A0C91BC942}") = "e7_fwd", "e7_fwd_prj\e7_fwd.vcproj", "{C5CD291F-6F91-4431-928C-A746A65FBEA7}"
	ProjectSection(ProjectDependencies) = postProject
		{45D49560-77F6-4389-855E-F4B7B85323A6} = {45D49560-77F6-4389-855E-F4B7B85323A6}
	EndProjectSection
EndProject
Project("{8BC9CEB8-8B4A-11D0-8D11-00A0C91BC942}") = "e7_sino", "e7_sino_prj\e7_sino.vcproj", "{75AEB6A2-11AC-49A1-AAF3-FBFCB7A5983E}"
	ProjectSection(ProjectDependencies) = postProject
		{9F399A08-1497-4786-921C-016681113848} = {9F399A08-1497-4786-921C-016681113848}
		{96FDC116-2A84-45E8-8D36-A8191EB7936D} = {96FDC116-2A84-45E8-8D36-A8191EB7936D}
		{45D49560-77F6-4389-855E-F4B7B85323A6} = {45D49560-77F6-4389-855E-F4B7B85323A6}
		{1243AA60-C301-4D70-83DE-FA418A0F5527} = {1243AA60-C301-4D70-83DE-FA418A0F5527}
		{EEE1636A-FC64-45D6-936C-C6995869FB87} = {EEE1636A-FC64-45D6-936C-C6995869FB87}
		{11135270-9179-4C4C-AD5B-331574BDB58A} = {11135270-9179-4C4C-AD5B-331574BDB58A}
		{5A5F137B-18C9-456D-B42D-7E6389646DAE} = {5A5F137B-18C9-456D-B42D-7E6389646DAE}
		{41DEFC83-F626-4F93-94DB-9BEE23938BCD} = {41DEFC83-F626-4F93-94DB-9BEE23938BCD}
		{FCA4D887-77C1-4138-BAF4-C0C60552DC5A} = {FCA4D887-77C1-4138-BAF4-C0C60552DC5A}
		{2B98C9AA-0BA4-4847-AFA6-59F8D910DE91} = {2B98C9AA-0BA4-4847-AFA6-59F8D910DE91}
		{849B01C8-5548-44AB-9190-E46F85E9C941} = {849B01C8-5548-44AB-9190-E46F85E9C941}
		{557153D1-F741-4329-BDA7-0918C58F3FA7} = {557153D1-F741-4329-BDA7-0918C58F3FA7}
	EndProjectSection
EndProject
Project("{8BC9CEB8-8B4A-11D0-8D11-00A0C91BC942}") = "gm_check", "gm_check_prj\gm_check.vcproj", "{C0B0F6F5-AB43-4237-9FAC-363F7743CA86}"
EndProject
Project("{8BC9CEB8-8B4A-11D0-8D11-00A0C91BC942}") = "libcommon", "libcommon\libcommon.vcproj", "{EEE1636A-FC64-45D6-936C-C6995869FB87}"
EndProject
Project("{8BC9CEB8-8B4A-11D0-8D11-00A0C91BC942}") = "libconvert", "libconvert\libconvert.vcproj", "{2B98C9AA-0BA4-4847-AFA6-59F8D910DE91}"
	ProjectSection(ProjectDependencies) = postProject
		{557153D1-F741-4329-BDA7-0918C58F3FA7} = {557153D1-F741-4329-BDA7-0918C58F3FA7}
	EndProjectSection
EndProject
Project("{8BC9CEB8-8B4A-11D0-8D11-00A0C91BC942}") = "libecat7", "libecat7\libecat7.vcproj", "{FCA4D887-77C1-4138-BAF4-C0C60552DC5A}"
EndProject
Project("{8BC9CEB8-8B4A-11D0-8D11-00A0C91BC942}") = "libexception", "libexception\libexception.vcproj", "{11135270-9179-4C4C-AD5B-331574BDB58A}"
EndProject
Project("{8BC9CEB8-8B4A-11D0-8D11-00A0C91BC942}") = "libfft", "libfft\libfft.vcproj", "{849B01C8-5548-44AB-9190-E46F85E9C941}"
EndProject
Project("{8BC9CEB8-8B4A-11D0-8D11-00A0C91BC942}") = "libinterfile", "libinterfile\libinterfile.vcproj", "{5A5F137B-18C9-456D-B42D-7E6389646DAE}"
EndProject
Project("{8BC9CEB8-8B4A-11D0-8D11-00A0C91BC942}") = "libipc", "libipc\libipc.vcproj", "{1243AA60-C301-4D70-83DE-FA418A0F5527}"
EndProject
Project("{8BC9CEB8-8B4A-11D0-8D11-00A0C91BC942}") = "libsinogram", "libsinogram\libsinogram.vcproj", "{557153D1-F741-4329-BDA7-0918C58F3FA7}"
EndProject
Project("{8BC9CEB8-8B4A-11D0-8D11-00A0C91BC942}") = "libparser", "libparser\libparser.vcproj", "{45D49560-77F6-4389-855E-F4B7B85323A6}"
EndProject
Project("{8BC9CEB8-8B4A-11D0-8D11-00A0C91BC942}") = "libatten", "libatten\libatten.vcproj", "{41DEFC83-F626-4F93-94DB-9BEE23938BCD}"
EndProject
Project("{8BC9CEB8-8B4A-11D0-8D11-00A0C91BC942}") = "libfilter", "libfilter\libfilter.vcproj", "{9F399A08-1497-4786-921C-016681113848}"
EndProject
Project("{8BC9CEB8-8B4A-11D0-8D11-00A0C91BC942}") = "libimage", "libimage\libimage.vcproj", "{96FDC116-2A84-45E8-8D36-A8191EB7936D}"
EndProject
Global
	GlobalSection(SolutionConfigurationPlatforms) = preSolution
		Debug|Win32 = Debug|Win32
		Debug|x64 = Debug|x64
		Release MinDependency|Win32 = Release MinDependency|Win32
		Release MinDependency|x64 = Release MinDependency|x64
		Release MinSize|Win32 = Release MinSize|Win32
		Release MinSize|x64 = Release MinSize|x64
		Release|Win32 = Release|Win32
		Release|x64 = Release|x64
		Unicode Debug|Win32 = Unicode Debug|Win32
		Unicode Debug|x64 = Unicode Debug|x64
		Unicode Release MinDependency|Win32 = Unicode Release MinDependency|Win32
		Unicode Release MinDependency|x64 = Unicode Release MinDependency|x64
		Unicode Release MinSize|Win32 = Unicode Release MinSize|Win32
		Unicode Release MinSize|x64 = Unicode Release MinSize|x64
	EndGlobalSection
	GlobalSection(ProjectConfigurationPlatforms) = postSolution
		{893AEDB7-472A-43B6-BBC5-59722D6A676C}.Debug|Win32.ActiveCfg = Debug|Win32
		{893AEDB7-472A-43B6-BBC5-59722D6A676C}.Debug|Win32.Build.0 = Debug|Win32
		{893AEDB7-472A-43B6-BBC5-59722D6A676C}.Debug|x64.ActiveCfg = Debug|x64
		{893AEDB7-472A-43B6-BBC5-59722D6A676C}.Debug|x64.Build.0 = Debug|x64
		{893AEDB7-472A-43B6-BBC5-59722D6A676C}.Release MinDependency|Win32.ActiveCfg = Release|Win32
		{893AEDB7-472A-43B6-BBC5-59722D6A676C}.Release MinDependency|Win32.Build.0 = Release|Win32
		{893AEDB7-472A-43B6-BBC5-59722D6A676C}.Release MinDependency|x64.ActiveCfg = Release|x64
		{893AEDB7-472A-43B6-BBC5-59722D6A676C}.Release MinDependency|x64.Build.0 = Release|x64
		{893AEDB7-472A-43B6-BBC5-59722D6A676C}.Release MinSize|Win32.ActiveCfg = Release|Win32
		{893AEDB7-472A-43B6-BBC5-59722D6A676C}.Release MinSize|Win32.Build.0 = Release|Win32
		{893AEDB7-472A-43B6-BBC5-59722D6A676C}.Release MinSize|x64.ActiveCfg = Release|x64
		{893AEDB7-472A-43B6-BBC5-59722D6A676C}.Release MinSize|x64.Build.0 = Release|x64
		{893AEDB7-472A-43B6-BBC5-59722D6A676C}.Release|Win32.ActiveCfg = Release|Win32
		{893AEDB7-472A-43B6-BBC5-59722D6A676C}.Release|Win32.Build.0 = Release|Win32
		{893AEDB7-472A-43B6-BBC5-59722D6A676C}.Release|x64.ActiveCfg = Release|x64
		{893AEDB7-472A-43B6-BBC5-59722D6A676C}.Release|x64.Build.0 = Release|x64
		{893AEDB7-472A-43B6-BBC5-59722D6A676C}.Unicode Debug|Win32.ActiveCfg = Debug|Win32
		{893AEDB7-472A-43B6-BBC5-59722D6A676C}.Unicode Debug|Win32.Build.0 = Debug|Win32
		{893AEDB7-472A-43B6-BBC5-59722D6A676C}.Unicode Debug|x64.ActiveCfg = Debug|x64
		{893AEDB7-472A-43B6-BBC5-59722D6A676C}.Unicode Debug|x64.Build.0 = Debug|x64
		{893AEDB7-472A-43B6-BBC5-59722D6A676C}.Unicode Release MinDependency|Win32.ActiveCfg = Release|Win32
		{893AEDB7-472A-43B6-BBC5-59722D6A676C}.Unicode Release MinDependency|Win32.Build.0 = Release|Win32
		{893AEDB7-472A-43B6-BBC5-59722D6A676C}.Unicode Release MinDependency|x64.ActiveCfg = Release|x64
		{893AEDB7-472A-43B6-BBC5-59722D6A676C}.Unicode Release MinDependency|x64.Build.0 = Release|x64
		{893AEDB7-472A-43B6-BBC5-59722D6A676C}.Unicode Release MinSize|Win32.ActiveCfg = Release|Win32
		{893AEDB7-472A-43B6-BBC5-59722D6A676C}.Unicode Release MinSize|Win32.Build.0 = Release|Win32
		{893AEDB7-472A-43B6-BBC5-59722D6A676C}.Unicode Release MinSize|x64.ActiveCfg = Release|x64
		{893AEDB7-472A-43B6-BBC5-59722D6A676C}.Unicode Release MinSize|x64.Build.0 = Release|x64
		{C5CD291F-6F91-4431-928C-A746A65FBEA7}.Debug|Win32.ActiveCfg = Debug|Win32
		{C5CD291F-6F91-4431-928C-A746A65FBEA7}.Debug|Win32.Build.0 = Debug|Win32
		{C5CD291F-6F91-4431-928C-A746A65FBEA7}.Debug|x64.ActiveCfg = Debug|x64
		{C5CD291F-6F91-4431-928C-A746A65FBEA7}.Debug|x64.Build.0 = Debug|x64
		{C5CD291F-6F91-4431-928C-A746A65FBEA7}.Release MinDependency|Win32.ActiveCfg = Release|Win32
		{C5CD291F-6F91-4431-928C-A746A65FBEA7}.Release MinDependency|Win32.Build.0 = Release|Win32
		{C5CD291F-6F91-4431-928C-A746A65FBEA7}.Release MinDependency|x64.ActiveCfg = Release|x64
		{C5CD291F-6F91-4431-928C-A746A65FBEA7}.Release MinDependency|x64.Build.0 = Release|x64
		{C5CD291F-6F91-4431-928C-A746A65FBEA7}.Release MinSize|Win32.ActiveCfg = Release|Win32
		{C5CD291F-6F91-4431-928C-A746A65FBEA7}.Release MinSize|Win32.Build.0 = Release|Win32
		{C5CD291F-6F91-4431-928C-A746A65FBEA7}.Release MinSize|x64.ActiveCfg = Release|x64
		{C5CD291F-6F91-4431-928C-A746A65FBEA7}.Release MinSize|x64.Build.0 = Release|x64
		{C5CD291F-6F91-4431-928C-A746A65FBEA7}.Release|Win32.ActiveCfg = Release|Win32
		{C5CD291F-6F91-4431-928C-A746A65FBEA7}.Release|Win32.Build.0 = Release|Win32
		{C5CD291F-6F91-4431-928C-A746A65FBEA7}.Release|x64.ActiveCfg = Release|x64
		{C5CD291F-6F91-4431-928C-A746A65FBEA7}.Release|x64.Build.0 = Release|x64
		{C5CD291F-6F91-4431-928C-A746A65FBEA7}.Unicode Debug|Win32.ActiveCfg = Debug|Win32
		{C5CD291F-6F91-4431-928C-A746A65FBEA7}.Unicode Debug|Win32.Build.0 = Debug|Win32
		{C5CD291F-6F91-4431-928C-A746A65FBEA7}.Unicode Debug|x64.ActiveCfg = Debug|x64
		{C5CD291F-6F91-4431-928C-A746A65FBEA7}.Unicode Debug|x64.Build.0 = Debug|x64
		{C5CD291F-6F91-4431-928C-A746A65FBEA7}.Unicode Release MinDependency|Win32.ActiveCfg = Release|Win32
		{C5CD291F-6F91-4431-928C-A746A65FBEA7}.Unicode Release MinDependency|Win32.Build.0 = Release|Win32
		{C5CD291F-6F91-4431-928C-A746A65FBEA7}.Unicode Release MinDependency|x64.ActiveCfg = Release|x64
		{C5CD291F-6F91-4431-928C-A746A65FBEA7}.Unicode Release MinDependency|x64.Build.0 = Release|x64
		{C5CD291F-6F91-4431-928C-A746A65FBEA7}.Unicode Release MinSize|Win32.ActiveCfg = Release|Win32
		{C5CD291F-6F91-4431-928C-A746A65FBEA7}.Unicode Release MinSize|Win32.Build.0 = Release|Win32
		{C5CD291F-6F91-4431-928C-A746A65FBEA7}.Unicode Release MinSize|x64.ActiveCfg = Release|x64
		{C5CD291F-6F91-4431-928C-A746A65FBEA7}.Unicode Release MinSize|x64.Build.0 = Release|x64
		{75AEB6A2-11AC-49A1-AAF3-FBFCB7A5983E}.Debug|Win32.ActiveCfg = Debug|Win32
		{75AEB6A2-11AC-49A1-AAF3-FBFCB7A5983E}.Debug|Win32.Build.0 = Debug|Win32
		{75AEB6A2-11AC-49A1-AAF3-FBFCB7A5983E}.Debug|x64.ActiveCfg = Debug|x64
		{75AEB6A2-11AC-49A1-AAF3-FBFCB7A5983E}.Debug|x64.Build.0 = Debug|x64
		{75AEB6A2-11AC-49A1-AAF3-FBFCB7A5983E}.Release MinDependency|Win32.ActiveCfg = Release|Win32
		{75AEB6A2-11AC-49A1-AAF3-FBFCB7A5983E}.Release MinDependency|Win32.Build.0 = Release|Win32
		{75AEB6A2-11AC-49A1-AAF3-FBFCB7A5983E}.Release MinDependency|x64.ActiveCfg = Release|x64
		{75AEB6A2-11AC-49A1-AAF3-FBFCB7A5983E}.Release MinDependency|x64.Build.0 = Release|x64
		{75AEB6A2-11AC-49A1-AAF3-FBFCB7A5983E}.Release MinSize|Win32.ActiveCfg = Release|Win32
		{75AEB6A2-11AC-49A1-AAF3-FBFCB7A5983E}.Release MinSize|Win32.Build.0 = Release|Win32
		{75AEB6A2-11AC-49A1-AAF3-FBFCB7A5983E}.Release MinSize|x64.ActiveCfg = Release|x64
		{75AEB6A2-11AC-49A1-AAF3-FBFCB7A5983E}.Release MinSize|x64.Build.0 = Release|x64
		{75AEB6A2-11AC-49A1-AAF3-FBFCB7A5983E}.Release|Win32.ActiveCfg = Release|Win32
		{75AEB6A2-11AC-49A1-AAF3-FBFCB7A5983E}.Release|Win32.Build.0 = Release|Win32
		{75AEB6A2-11AC-49A1-AAF3-FBFCB7A5983E}.Release|x64.ActiveCfg = Release|x64
		{75AEB6A2-11AC-49A1-AAF3-FBFCB7A5983E}.Release|x64.Build.0 = Release|x64
		{75AEB6A2-11AC-49A1-AAF3-FBFCB7A5983E}.Unicode Debug|Win32.ActiveCfg = Debug|Win32
		{75AEB6A2-11AC-49A1-AAF3-FBFCB7A5983E}.Unicode Debug|Win32.Build.0 = Debug|Win32
		{75AEB6A2-11AC-49A1-AAF3-FBFCB7A5983E}.Unicode Debug|x64.ActiveCfg = Debug|x64
		{75AEB6A2-11AC-49A1-AAF3-FBFCB7A5983E}.Unicode Debug|x64.Build.0 = Debug|x64
		{75AEB6A2-11AC-49A1-AAF3-FBFCB7A5983E}.Unicode Release MinDependency|Win32.ActiveCfg = Release|Win32
		{75AEB6A2-11AC-49A1-AAF3-FBFCB7A5983E}.Unicode Release MinDependency|Win32.Build.0 = Release|Win32
		{75AEB6A2-11AC-49A1-AAF3-FBFCB7A5983E}.Unicode Release MinDependency|x64.ActiveCfg = Release|x64
		{75AEB6A2-11AC-49A1-AAF3-FBFCB7A5983E}.Unicode Release MinDependency|x64.Build.0 = Release|x64
		{75AEB6A2-11AC-49A1-AAF3-FBFCB7A5983E}.Unicode Release MinSize|Win32.ActiveCfg = Release|Win32
		{75AEB6A2-11AC-49A1-AAF3-FBFCB7A5983E}.Unicode Release MinSize|Win32.Build.0 = Release|Win32
		{75AEB6A2-11AC-49A1-AAF3-FBFCB7A5983E}.Unicode Release MinSize|x64.ActiveCfg = Release|x64
		{75AEB6A2-11AC-49A1-AAF3-FBFCB7A5983E}.Unicode Release MinSize|x64.Build.0 = Release|x64
		{C0B0F6F5-AB43-4237-9FAC-363F7743CA86}.Debug|Win32.ActiveCfg = Debug|Win32
		{C0B0F6F5-AB43-4237-9FAC-363F7743CA86}.Debug|Win32.Build.0 = Debug|Win32
		{C0B0F6F5-AB43-4237-9FAC-363F7743CA86}.Debug|x64.ActiveCfg = Debug|x64
		{C0B0F6F5-AB43-4237-9FAC-363F7743CA86}.Debug|x64.Build.0 = Debug|x64
		{C0B0F6F5-AB43-4237-9FAC-363F7743CA86}.Release MinDependency|Win32.ActiveCfg = Release|Win32
		{C0B0F6F5-AB43-4237-9FAC-363F7743CA86}.Release MinDependency|Win32.Build.0 = Release|Win32
		{C0B0F6F5-AB43-4237-9FAC-363F7743CA86}.Release MinDependency|x64.ActiveCfg = Release|x64
		{C0B0F6F5-AB43-4237-9FAC-363F7743CA86}.Release MinDependency|x64.Build.0 = Release|x64
		{C0B0F6F5-AB43-4237-9FAC-363F7743CA86}.Release MinSize|Win32.ActiveCfg = Release|Win32
		{C0B0F6F5-AB43-4237-9FAC-363F7743CA86}.Release MinSize|Win32.Build.0 = Release|Win32
		{C0B0F6F5-AB43-4237-9FAC-363F7743CA86}.Release MinSize|x64.ActiveCfg = Release|x64
		{C0B0F6F5-AB43-4237-9FAC-363F7743CA86}.Release MinSize|x64.Build.0 = Release|x64
		{C0B0F6F5-AB43-4237-9FAC-363F7743CA86}.Release|Win32.ActiveCfg = Release|Win32
		{C0B0F6F5-AB43-4237-9FAC-363F7743CA86}.Release|Win32.Build.0 = Release|Win32
		{C0B0F6F5-AB43-4237-9FAC-363F7743CA86}.Release|x64.ActiveCfg = Release|x64
		{C0B0F6F5-AB43-4237-9FAC-363F7743CA86}.Release|x64.Build.0 = Release|x64
		{C0B0F6F5-AB43-4237-9FAC-363F7743CA86}.Unicode Debug|Win32.ActiveCfg = Debug|Win32
		{C0B0F6F5-AB43-4237-9FAC-363F7743CA86}.Unicode Debug|Win32.Build.0 = Debug|Win32
		{C0B0F6F5-AB43-4237-9FAC-363F7743CA86}.Unicode Debug|x64.ActiveCfg = Debug|x64
		{C0B0F6F5-AB43-4237-9FAC-363F7743CA86}.Unicode Debug|x64.Build.0 = Debug|x64
		{C0B0F6F5-AB43-4237-9FAC-363F7743CA86}.Unicode Release MinDependency|Win32.ActiveCfg = Release|Win32
		{C0B0F6F5-AB43-4237-9FAC-363F7743CA86}.Unicode Release MinDependency|Win32.Build.0 = Release|Win32
		{C0B0F6F5-AB43-4237-9FAC-363F7743CA86}.Unicode Release MinDependency|x64.ActiveCfg = Release|x64
		{C0B0F6F5-AB43-4237-9FAC-363F7743CA86}.Unicode Release MinDependency|x64.Build.0 = Release|x64
		{C0B0F6F5-AB43-4237-9FAC-363F7743CA86}.Unicode Release MinSize|Win32.ActiveCfg = Release|Win32
		{C0B0F6F5-AB43-4237-9FAC-363F7743CA86}.Unicode Release MinSize|Win32.Build.0 = Release|Win32
		{C0B0F6F5-AB43-4237-9FAC-363F7743CA86}.Unicode Release MinSize|x64.ActiveCfg = Release|x64
		{C0B0F6F5-AB43-4237-9FAC-363F7743CA86}.Unicode Release MinSize|x64.Build.0 = Release|x64
		{EEE1636A-FC64-45D6-936C-C6995869FB87}.Debug|Win32.ActiveCfg = Debug|Win32
		{EEE1636A-FC64-45D6-936C-C6995869FB87}.Debug|Win32.Build.0 = Debug|Win32
		{EEE1636A-FC64-45D6-936C-C6995869FB87}.Debug|x64.ActiveCfg = Debug|x64
		{EEE1636A-FC64-45D6-936C-C6995869FB87}.Debug|x64.Build.0 = Debug|x64
		{EEE1636A-FC64-45D6-936C-C6995869FB87}.Release MinDependency|Win32.ActiveCfg = Release|Win32
		{EEE1636A-FC64-45D6-936C-C6995869FB87}.Release MinDependency|Win32.Build.0 = Release|Win32
		{EEE1636A-FC64-45D6-936C-C6995869FB87}.Release MinDependency|x64.ActiveCfg = Release|x64
		{EEE1636A-FC64-45D6-936C-C6995869FB87}.Release MinDependency|x64.Build.0 = Release|x64
		{EEE1636A-FC64-45D6-936C-C6995869FB87}.Release MinSize|Win32.ActiveCfg = Release|Win32
		{EEE1636A-FC64-45D6-936C-C6995869FB87}.Release MinSize|Win32.Build.0 = Release|Win32
		{EEE1636A-FC64-45D6-936C-C6995869FB87}.Release MinSize|x64.ActiveCfg = Release|x64
		{EEE1636A-FC64-45D6-936C-C6995869FB87}.Release MinSize|x64.Build.0 = Release|x64
		{EEE1636A-FC64-45D6-936C-C6995869FB87}.Release|Win32.ActiveCfg = Release|Win32
		{EEE1636A-FC64-45D6-936C-C6995869FB87}.Release|Win32.Build.0 = Release|Win32
		{EEE1636A-FC64-45D6-936C-C6995869FB87}.Release|x64.ActiveCfg = Release|x64
		{EEE1636A-FC64-45D6-936C-C6995869FB87}.Release|x64.Build.0 = Release|x64
		{EEE1636A-FC64-45D6-936C-C6995869FB87}.Unicode Debug|Win32.ActiveCfg = Debug|Win32
		{EEE1636A-FC64-45D6-936C-C6995869FB87}.Unicode Debug|Win32.Build.0 = Debug|Win32
		{EEE1636A-FC64-45D6-936C-C6995869FB87}.Unicode Debug|x64.ActiveCfg = Debug|x64
		{EEE1636A-FC64-45D6-936C-C6995869FB87}.Unicode Debug|x64.Build.0 = Debug|x64
		{EEE1636A-FC64-45D6-936C-C6995869FB87}.Unicode Release MinDependency|Win32.ActiveCfg = Release|Win32
		{EEE1636A-FC64-45D6-936C-C6995869FB87}.Unicode Release MinDependency|Win32.Build.0 = Release|Win32
		{EEE1636A-FC64-45D6-936C-C6995869FB87}.Unicode Release MinDependency|x64.ActiveCfg = Release|x64
		{EEE1636A-FC64-45D6-936C-C6995869FB87}.Unicode Release MinDependency|x64.Build.0 = Release|x64
		{EEE1636A-FC64-45D6-936C-C6995869FB87}.Unicode Release MinSize|Win32.ActiveCfg = Release|Win32
		{EEE1636A-FC64-45D6-936C-C6995869FB87}.Unicode Release MinSize|Win32.Build.0 = Release|Win32
		{EEE1636A-FC64-45D6-936C-C6995869FB87}.Unicode Release MinSize|x64.ActiveCfg = Release|x64
		{EEE1636A-FC64-45D6-936C-C6995869FB87}.Unicode Release MinSize|x64.Build.0 = Release|x64
		{2B98C9AA-0BA4-4847-AFA6-59F8D910DE91}.Debug|Win32.ActiveCfg = Debug|Win32
		{2B98C9AA-0BA4-4847-AFA6-59F8D910DE91}.Debug|Win32.Build.0 = Debug|Win32
		{2B98C9AA-0BA4-4847-AFA6-59F8D910DE91}.Debug|x64.ActiveCfg = Debug|x64
		{2B98C9AA-0BA4-4847-AFA6-59F8D910DE91}.Debug|x64.Build.0 = Debug|x64
		{2B98C9AA-0BA4-4847-AFA6-59F8D910DE91}.Release MinDependency|Win32.ActiveCfg = Release|Win32
		{2B98C9AA-0BA4-4847-AFA6-59F8D910DE91}.Release MinDependency|Win32.Build.0 = Release|Win32
		{2B98C9AA-0BA4-4847-AFA6-59F8D910DE91}.Release MinDependency|x64.ActiveCfg = Release|x64
		{2B98C9AA-0BA4-4847-AFA6-59F8D910DE91}.Release MinDependency|x64.Build.0 = Release|x64
		{2B98C9AA-0BA4-4847-AFA6-59F8D910DE91}.Release MinSize|Win32.ActiveCfg = Release|Win32
		{2B98C9AA-0BA4-4847-AFA6-59F8D910DE91}.Release MinSize|Win32.Build.0 = Release|Win32
		{2B98C9AA-0BA4-4847-AFA6-59F8D910DE91}.Release MinSize|x64.ActiveCfg = Release|x64
		{2B98C9AA-0BA4-4847-AFA6-59F8D910DE91}.Release MinSize|x64.Build.0 = Release|x64
		{2B98C9AA-0BA4-4847-AFA6-59F8D910DE91}.Release|Win32.ActiveCfg = Release|Win32
		{2B98C9AA-0BA4-4847-AFA6-59F8D910DE91}.Release|Win32.Build.0 = Release|Win32
		{2B98C9AA-0BA4-4847-AFA6-59F8D910DE91}.Release|x64.ActiveCfg = Release|x64
		{2B98C9AA-0BA4-4847-AFA6-59F8D910DE91}.Release|x64.Build.0 = Release|x64
		{2B98C9AA-0BA4-4847-AFA6-59F8D910DE91}.Unicode Debug|Win32.ActiveCfg = Debug|Win32
		{2B98C9AA-0BA4-4847-AFA6-59F8D910DE91}.Unicode Debug|Win32.Build.0 = Debug|Win32
		{2B98C9AA-0BA4-4847-AFA6-59F8D910DE91}.Unicode Debug|x64.ActiveCfg = Debug|x64
		{2B98C9AA-0BA4-4847-AFA6-59F8D910DE91}.Unicode Debug|x64.Build.0 = Debug|x64
		{2B98C9AA-0BA4-4847-AFA6-59F8D910DE91}.Unicode Release MinDependency|Win32.ActiveCfg = Release|Win32
		{2B98C9AA-0BA4-4847-AFA6-59F8D910DE91}.Unicode Release MinDependency|Win32.Build.0 = Release|Win32
		{2B98C9AA-0BA4-4847-AFA6-59F8D910DE91}.Unicode Release MinDependency|x64.ActiveCfg = Release|x64
		{2B98C9AA-0BA4-4847-AFA6-59F8D910DE91}.Unicode Release MinDependency|x64.Build.0 = Release|x64
		{2B98C9AA-0BA4-4847-AFA6-59F8D910DE91}.Unicode Release MinSize|Win32.ActiveCfg = Release|Win32
		{2B98C9AA-0BA4-4847-AFA6-59F8D910DE91}.Unicode Release MinSize|Win32.Build.0 = Release|Win32
		{2B98C9AA-0BA4-4847-AFA6-59F8D910DE91}.Unicode Release MinSize|x64.ActiveCfg = Release|x64
		{2B98C9AA-0BA4-4847-AFA6-59F8D910DE91}.Unicode Release MinSize|x64.Build.0 = Release|x64
		{FCA4D887-77C1-4138-BAF4-C0C60552DC5A}.Debug|Win32.ActiveCfg = Debug|Win32
		{FCA4D887-77C1-4138-BAF4-C0C60552DC5A}.Debug|Win32.Build.0 = Debug|Win32
		{FCA4D887-77C1-4138-BAF4-C0C60552DC5A}.Debug|x64.ActiveCfg = Debug|x64
		{FCA4D887-77C1-4138-BAF4-C0C60552DC5A}.Debug|x64.Build.0 = Debug|x64
		{FCA4D887-77C1-4138-BAF4-C0C60552DC5A}.Release MinDependency|Win32.ActiveCfg = Release|Win32
		{FCA4D887-77C1-4138-BAF4-C0C60552DC5A}.Release MinDependency|Win32.Build.0 = Release|Win32
		{FCA4D887-77C1-4138-BAF4-C0C60552DC5A}.Release MinDependency|x64.ActiveCfg = Release|x64
		{FCA4D887-77C1-4138-BAF4-C0C60552DC5A}.Release MinDependency|x64.Build.0 = Release|x64
		{FCA4D887-77C1-4138-BAF4-C0C60552DC5A}.Release MinSize|Win32.ActiveCfg = Release|Win32
		{FCA4D887-77C1-4138-BAF4-C0C60552DC5A}.Release MinSize|Win32.Build.0 = Release|Win32
		{FCA4D887-77C1-4138-BAF4-C0C60552DC5A}.Release MinSize|x64.ActiveCfg = Release|x64
		{FCA4D887-77C1-4138-BAF4-C0C60552DC5A}.Release MinSize|x64.Build.0 = Release|x64
		{FCA4D887-77C1-4138-BAF4-C0C60552DC5A}.Release|Win32.ActiveCfg = Release|Win32
		{FCA4D887-77C1-4138-BAF4-C0C60552DC5A}.Release|Win32.Build.0 = Release|Win32
		{FCA4D887-77C1-4138-BAF4-C0C60552DC5A}.Release|x64.ActiveCfg = Release|x64
		{FCA4D887-77C1-4138-BAF4-C0C60552DC5A}.Release|x64.Build.0 = Release|x64
		{FCA4D887-77C1-4138-BAF4-C0C60552DC5A}.Unicode Debug|Win32.ActiveCfg = Debug|Win32
		{FCA4D887-77C1-4138-BAF4-C0C60552DC5A}.Unicode Debug|Win32.Build.0 = Debug|Win32
		{FCA4D887-77C1-4138-BAF4-C0C60552DC5A}.Unicode Debug|x64.ActiveCfg = Debug|x64
		{FCA4D887-77C1-4138-BAF4-C0C60552DC5A}.Unicode Debug|x64.Build.0 = Debug|x64
		{FCA4D887-77C1-4138-BAF4-C0C60552DC5A}.Unicode Release MinDependency|Win32.ActiveCfg = Release|Win32
		{FCA4D887-77C1-4138-BAF4-C0C60552DC5A}.Unicode Release MinDependency|Win32.Build.0 = Release|Win32
		{FCA4D887-77C1-4138-BAF4-C0C60552DC5A}.Unicode Release MinDependency|x64.ActiveCfg = Release|x64
		{FCA4D887-77C1-4138-BAF4-C0C60552DC5A}.Unicode Release MinDependency|x64.Build.0 = Release|x64
		{FCA4D887-77C1-4138-BAF4-C0C60552DC5A}.Unicode Release MinSize|Win32.ActiveCfg = Release|Win32
		{FCA4D887-77C1-4138-BAF4-C0C60552DC5A}.Unicode Release MinSize|Win32.Build.0 = Release|Win32
		{FCA4D887-77C1-4138-BAF4-C0C60552DC5A}.Unicode Release MinSize|x64.ActiveCfg = Release|x64
		{FCA4D887-77C1-4138-BAF4-C0C60552DC5A}.Unicode Release MinSize|x64.Build.0 = Release|x64
		{11135270-9179-4C4C-AD5B-331574BDB58A}.Debug|Win32.ActiveCfg = Debug|Win32
		{11135270-9179-4C4C-AD5B-331574BDB58A}.Debug|Win32.Build.0 = Debug|Win32
		{11135270-9179-4C4C-AD5B-331574BDB58A}.Debug|x64.ActiveCfg = Debug|x64
		{11135270-9179-4C4C-AD5B-331574BDB58A}.Debug|x64.Build.0 = Debug|x64
		{11135270-9179-4C4C-AD5B-331574BDB58A}.Release MinDependency|Win32.ActiveCfg = Release|Win32
		{11135270-9179-4C4C-AD5B-331574BDB58A}.Release MinDependency|Win32.Build.0 = Release|Win32
		{11135270-9179-4C4C-AD5B-331574BDB58A}.Release MinDependency|x64.ActiveCfg = Release|x64
		{11135270-9179-4C4C-AD5B-331574BDB58A}.Release MinDependency|x64.Build.0 = Release|x64
		{11135270-9179-4C4C-AD5B-331574BDB58A}.Release MinSize|Win32.ActiveCfg = Release|Win32
		{11135270-9179-4C4C-AD5B-331574BDB58A}.Release MinSize|Win32.Build.0 = Release|Win32
		{11135270-9179-4C4C-AD5B-331574BDB58A}.Release MinSize|x64.ActiveCfg = Release|x64
		{11135270-9179-4C4C-AD5B-331574BDB58A}.Release MinSize|x64.Build.0 = Release|x64
		{11135270-9179-4C4C-AD5B-331574BDB58A}.Release|Win32.ActiveCfg = Release|Win32
		{11135270-9179-4C4C-AD5B-331574BDB58A}.Release|Win32.Build.0 = Release|Win32
		{11135270-9179-4C4C-AD5B-331574BDB58A}.Release|x64.ActiveCfg = Release|x64
		{11135270-9179-4C4C-AD5B-331574BDB58A}.Release|x64.Build.0 = Release|x64
		{11135270-9179-4C4C-AD5B-331574BDB58A}.Unicode Debug|Win32.ActiveCfg = Debug|Win32
		{11135270-9179-4C4C-AD5B-331574BDB58A}.Unicode Debug|Win32.Build.0 = Debug|Win32
		{11135270-9179-4C4C-AD5B-331574BDB58A}.Unicode Debug|x64.ActiveCfg = Debug|x64
		{11135270-9179-4C4C-AD5B-331574BDB58A}.Unicode Debug|x64.Build.0 = Debug|x64
		{11135270-9179-4C4C-AD5B-331574BDB58A}.Unicode Release MinDependency|Win32.ActiveCfg = Release|Win32
		{11135270-9179-4C4C-AD5B-331574BDB58A}.Unicode Release MinDependency|Win32.Build.0 = Release|Win32
		{11135270-9179-4C4C-AD5B-331574BDB58A}.Unicode Release MinDependency|x64.ActiveCfg = Release|x64
		{11135270-9179-4C4C-AD5B-331574BDB58A}.Unicode Release MinDependency|x64.Build.0 = Release|x64
		{11135270-9179-4C4C-AD5B-331574BDB58A}.Unicode Release MinSize|Win32.ActiveCfg = Release|Win32
		{11135270-9179-4C4C-AD5B-331574BDB58A}.Unicode Release MinSize|Win32.Build.0 = Release|Win32
		{11135270-9179-4C4C-AD5B-331574BDB58A}.Unicode Release MinSize|x64.ActiveCfg = Release|x64
		{11135270-9179-4C4C-AD5B-331574BDB58A}.Unicode Release MinSize|x64.Build.0 = Release|x64
		{849B01C8-5548-44AB-9190-E46F85E9C941}.Debug|Win32.ActiveCfg = Debug|Win32
		{849B01C8-5548-44AB-9190-E46F85E9C941}.Debug|Win32.Build.0 = Debug|Win32
		{849B01C8-5548-44AB-9190-E46F85E9C941}.Debug|x64.ActiveCfg = Debug|x64
		{849B01C8-5548-44AB-9190-E46F85E9C941}.Debug|x64.Build.0 = Debug|x64
		{849B01C8-5548-44AB-9190-E46F85E9C941}.Release MinDependency|Win32.ActiveCfg = Release|Win32
		{849B01C8-5548-44AB-9190-E46F85E9C941}.Release MinDependency|Win32.Build.0 = Release|Win32
		{849B01C8-5548-44AB-9190-E46F85E9C941}.Release MinDependency|x64.ActiveCfg = Release|x64
		{849B01C8-5548-44AB-9190-E46F85E9C941}.Release MinDependency|x64.Build.0 = Release|x64
		{849B01C8-5548-44AB-9190-E46F85E9C941}.Release MinSize|Win32.ActiveCfg = Release|Win32
		{849B01C8-5548-44AB-9190-E46F85E9C941}.Release MinSize|Win32.Build.0 = Release|Win32
		{849B01C8-5548-44AB-9190-E46F85E9C941}.Release MinSize|x64.ActiveCfg = Release|x64
		{849B01C8-5548-44AB-9190-E46F85E9C941}.Release MinSize|x64.Build.0 = Release|x64
		{849B01C8-5548-44AB-9190-E46F85E9C941}.Release|Win32.ActiveCfg = Release|Win32
		{849B01C8-5548-44AB-9190-E46F85E9C941}.Release|Win32.Build.0 = Release|Win32
		{849B01C8-5548-44AB-9190-E46F85E9C941}.Release|x64.ActiveCfg = Release|x64
		{849B01C8-5548-44AB-9190-E46F85E9C941}.Release|x64.Build.0 = Release|x64
		{849B01C8-5548-44AB-9190-E46F85E9C941}.Unicode Debug|Win32.ActiveCfg = Debug|Win32
		{849B01C8-5548-44AB-9190-E46F85E9C941}.Unicode Debug|Win32.Build.0 = Debug|Win32
		{849B01C8-5548-44AB-9190-E46F85E9C941}.Unicode Debug|x64.ActiveCfg = Debug|x64
		{849B01C8-5548-44AB-9190-E46F85E9C941}.Unicode Debug|x64.Build.0 = Debug|x64
		{849B01C8-5548-44AB-9190-E46F85E9C941}.Unicode Release MinDependency|Win32.ActiveCfg = Release|Win32
		{849B01C8-5548-44AB-9190-E46F85E9C941}.Unicode Release MinDependency|Win32.Build.0 = Release|Win32
		{849B01C8-5548-44AB-9190-E46F85E9C941}.Unicode Release MinDependency|x64.ActiveCfg = Release|x64
		{849B01C8-5548-44AB-9190-E46F85E9C941}.Unicode Release MinDependency|x64.Build.0 = Release|x64
		{849B01C8-5548-44AB-9190-E46F85E9C941}.Unicode Release MinSize|Win32.ActiveCfg = Release|Win32
		{849B01C8-5548-44AB-9190-E46F85E9C941}.Unicode Release MinSize|Win32.Build.0 = Release|Win32
		{849B01C8-5548-44AB-9190-E46F85E9C941}.Unicode Release MinSize|x64.ActiveCfg = Release|x64
		{849B01C8-5548-44AB-9190-E46F85E9C941}.Unicode Release MinSize|x64.Build.0 = Release|x64
		{5A5F137B-18C9-456D-B42D-7E6389646DAE}.Debug|Win32.ActiveCfg = Debug|Win32
		{5A5F137B-18C9-456D-B42D-7E6389646DAE}.Debug|Win32.Build.0 = Debug|Win32
		{5A5F137B-18C9-456D-B42D-7E6389646DAE}.Debug|x64.ActiveCfg = Debug|x64
		{5A5F137B-18C9-456D-B42D-7E6389646DAE}.Debug|x64.Build.0 = Debug|x64
		{5A5F137B-18C9-456D-B42D-7E6389646DAE}.Release MinDependency|Win32.ActiveCfg = Release|Win32
		{5A5F137B-18C9-456D-B42D-7E6389646DAE}.Release MinDependency|Win32.Build.0 = Release|Win32
		{5A5F137B-18C9-456D-B42D-7E6389646DAE}.Release MinDependency|x64.ActiveCfg = Release|x64
		{5A5F137B-18C9-456D-B42D-7E6389646DAE}.Release MinDependency|x64.Build.0 = Release|x64
		{5A5F137B-18C9-456D-B42D-7E6389646DAE}.Release MinSize|Win32.ActiveCfg = Release|Win32
		{5A5F137B-18C9-456D-B42D-7E6389646DAE}.Release MinSize|Win32.Build.0 = Release|Win32
		{5A5F137B-18C9-456D-B42D-7E6389646DAE}.Release MinSize|x64.ActiveCfg = Release|x64
		{5A5F137B-18C9-456D-B42D-7E6389646DAE}.Release MinSize|x64.Build.0 = Release|x64
		{5A5F137B-18C9-456D-B42D-7E6389646DAE}.Release|Win32.ActiveCfg = Release|Win32
		{5A5F137B-18C9-456D-B42D-7E6389646DAE}.Release|Win32.Build.0 = Release|Win32
		{5A5F137B-18C9-456D-B42D-7E6389646DAE}.Release|x64.ActiveCfg = Release|x64
		{5A5F137B-18C9-456D-B42D-7E6389646DAE}.Release|x64.Build.0 = Release|x64
		{5A5F137B-18C9-456D-B42D-7E6389646DAE}.Unicode Debug|Win32.ActiveCfg = Debug|Win32
		{5A5F137B-18C9-456D-B42D-7E6389646DAE}.Unicode Debug|Win32.Build.0 = Debug|Win32
		{5A5F137B-18C9-456D-B42D-7E6389646DAE}.Unicode Debug|x64.ActiveCfg = Debug|x64
		{5A5F137B-18C9-456D-B42D-7E6389646DAE}.Unicode Debug|x64.Build.0 = Debug|x64
		{5A5F137B-18C9-456D-B42D-7E6389646DAE}.Unicode Release MinDependency|Win32.ActiveCfg = Release|Win32
		{5A5F137B-18C9-456D-B42D-7E6389646DAE}.Unicode Release MinDependency|Win32.Build.0 = Release|Win32
		{5A5F137B-18C9-456D-B42D-7E6389646DAE}.Unicode Release MinDependency|x64.ActiveCfg = Release|x64
		{5A5F137B-18C9-456D-B42D-7E6389646DAE}.Unicode Release MinDependency|x64.Build.0 = Release|x64
		{5A5F137B-18C9-456D-B42D-7E6389646DAE}.Unicode Release MinSize|Win32.ActiveCfg = Release|Win32
		{5A5F137B-18C9-456D-B42D-7E6389646DAE}.Unicode Release MinSize|Win32.Build.0 = Release|Win32
		{5A5F137B-18C9-456D-B42D-7E6389646DAE}.Unicode Release MinSize|x64.ActiveCfg = Release|x64
		{5A5F137B-18C9-456D-B42D-7E6389646DAE}.Unicode Release MinSize|x64.Build.0 = Release|x64
		{1243AA60-C301-4D70-83DE-FA418A0F5527}.Debug|Win32.ActiveCfg = Debug|Win32
		{1243AA60-C301-4D70-83DE-FA418A0F5527}.Debug|Win32.Build.0 = Debug|Win32
		{1243AA60-C301-4D70-83DE-FA418A0F5527}.Debug|x64.ActiveCfg = Debug|x64
		{1243AA60-C301-4D70-83DE-FA418A0F5527}.Debug|x64.Build.0 = Debug|x64
		{1243AA60-C301-4D70-83DE-FA418A0F5527}.Release MinDependency|Win32.ActiveCfg = Release|Win32
		{1243AA60-C301-4D70-83DE-FA418A0F5527}.Release MinDependency|Win32.Build.0 = Release|Win32
		{1243AA60-C301-4D70-83DE-FA418A0F5527}.Release MinDependency|x64.ActiveCfg = Release|x64
		{1243AA60-C301-4D70-83DE-FA418A0F5527}.Release MinDependency|x64.Build.0 = Release|x64
		{1243AA60-C301-4D70-83DE-FA418A0F5527}.Release MinSize|Win32.ActiveCfg = Release|Win32
		{1243AA60-C301-4D70-83DE-FA418A0F5527}.Release MinSize|Win32.Build.0 = Release|Win32
		{1243AA60-C301-4D70-83DE-FA418A0F5527}.Release MinSize|x64.ActiveCfg = Release|x64
		{1243AA60-C301-4D70-83DE-FA418A0F5527}.Release MinSize|x64.Build.0 = Release|x64
		{1243AA60-C301-4D70-83DE-FA418A0F5527}.Release|Win32.ActiveCfg = Release|Win32
		{1243AA60-C301-4D70-83DE-FA418A0F5527}.Release|Win32.Build.0 = Release|Win32
		{1243AA60-C301-4D70-83DE-FA418A0F5527}.Release|x64.ActiveCfg = Release|x64
		{1243AA60-C301-4D70-83DE-FA418A0F5527}.Release|x64.Build.0 = Release|x64
		{1243AA60-C301-4D70-83DE-FA418A0F5527}.Unicode Debug|Win32.ActiveCfg = Debug|Win32
		{1243AA60-C301-4D70-83DE-FA418A0F5527}.Unicode Debug|Win32.Build.0 = Debug|Win32
		{1243AA60-C301-4D70-83DE-FA418A0F5527}.Unicode Debug|x64.ActiveCfg = Debug|x64
		{1243AA60-C301-4D70-83DE-FA418A0F5527}.Unicode Debug|x64.Build.0 = Debug|x64
		{1243AA60-C301-4D70-83DE-FA418A0F5527}.Unicode Release MinDependency|Win32.ActiveCfg = Release|Win32
		{1243AA60-C301-4D70-83DE-FA418A0F5527}.Unicode Release MinDependency|Win32.Build.0 = Release|Win32
		{1243AA60-C301-4D70-83DE-FA418A0F5527}.Unicode Release MinDependency|x64.ActiveCfg = Release|x64
		{1243AA60-C301-4D70-83DE-FA418A0F5527}.Unicode Release MinDependency|x64.Build.0 = Release|x64
		{1243AA60-C301-4D70-83DE-FA418A0F5527}.Unicode Release MinSize|Win32.ActiveCfg = Release|Win32
		{1243AA60-C301-4D70-83DE-FA418A0F5527}.Unicode Release MinSize|Win32.Build.0 = Release|Win32
		{1243AA60-C301-4D70-83DE-FA418A0F5527}.Unicode Release MinSize|x64.ActiveCfg = Release|x64
		{1243AA60-C301-4D70-83DE-FA418A0F5527}.Unicode Release MinSize|x64.Build.0 = Release|x64
		{557153D1-F741-4329-BDA7-0918C58F3FA7}.Debug|Win32.ActiveCfg = Debug|Win32
		{557153D1-F741-4329-BDA7-0918C58F3FA7}.Debug|Win32.Build.0 = Debug|Win32
		{557153D1-F741-4329-BDA7-0918C58F3FA7}.Debug|x64.ActiveCfg = Debug|x64
		{557153D1-F741-4329-BDA7-0918C58F3FA7}.Debug|x64.Build.0 = Debug|x64
		{557153D1-F741-4329-BDA7-0918C58F3FA7}.Release MinDependency|Win32.ActiveCfg = Release|Win32
		{557153D1-F741-4329-BDA7-0918C58F3FA7}.Release MinDependency|Win32.Build.0 = Release|Win32
		{557153D1-F741-4329-BDA7-0918C58F3FA7}.Release MinDependency|x64.ActiveCfg = Release|x64
		{557153D1-F741-4329-BDA7-0918C58F3FA7}.Release MinDependency|x64.Build.0 = Release|x64
		{557153D1-F741-4329-BDA7-0918C58F3FA7}.Release MinSize|Win32.ActiveCfg = Release|Win32
		{557153D1-F741-4329-BDA7-0918C58F3FA7}.Release MinSize|Win32.Build.0 = Release|Win32
		{557153D1-F741-4329-BDA7-0918C58F3FA7}.Release MinSize|x64.ActiveCfg = Release|x64
		{557153D1-F741-4329-BDA7-0918C58F3FA7}.Release MinSize|x64.Build.0 = Release|x64
		{557153D1-F741-4329-BDA7-0918C58F3FA7}.Release|Win32.ActiveCfg = Release|Win32
		{557153D1-F741-4329-BDA7-0918C58F3FA7}.Release|Win32.Build.0 = Release|Win32
		{557153D1-F741-4329-BDA7-0918C58F3FA7}.Release|x64.ActiveCfg = Release|x64
		{557153D1-F741-4329-BDA7-0918C58F3FA7}.Release|x64.Build.0 = Release|x64
		{557153D1-F741-4329-BDA7-0918C58F3FA7}.Unicode Debug|Win32.ActiveCfg = Debug|Win32
		{557153D1-F741-4329-BDA7-0918C58F3FA7}.Unicode Debug|Win32.Build.0 = Debug|Win32
		{557153D1-F741-4329-BDA7-0918C58F3FA7}.Unicode Debug|x64.ActiveCfg = Debug|x64
		{557153D1-F741-4329-BDA7-0918C58F3FA7}.Unicode Debug|x64.Build.0 = Debug|x64
		{557153D1-F741-4329-BDA7-0918C58F3FA7}.Unicode Release MinDependency|Win32.ActiveCfg = Release|Win32
		{557153D1-F741-4329-BDA7-0918C58F3FA7}.Unicode Release MinDependency|Win32.Build.0 = Release|Win32
		{557153D1-F741-4329-BDA7-0918C58F3FA7}.Unicode Release MinDependency|x64.ActiveCfg = Release|x64
		{557153D1-F741-4329-BDA7-0918C58F3FA7}.Unicode Release MinDependency|x64.Build.0 = Release|x64
		{557153D1-F741-4329-BDA7-0918C58F3FA7}.Unicode Release MinSize|Win32.ActiveCfg = Release|Win32
		{557153D1-F741-4329-BDA7-0918C58F3FA7}.Unicode Release MinSize|Win32.Build.0 = Release|Win32
		{557153D1-F741-4329-BDA7-0918C58F3FA7}.Unicode Release MinSize|x64.ActiveCfg = Release|x64
		{557153D1-F741-4329-BDA7-0918C58F3FA7}.Unicode Release MinSize|x64.Build.0 = Release|x64
		{45D49560-77F6-4389-855E-F4B7B85323A6}.Debug|Win32.ActiveCfg = Debug|Win32
		{45D49560-77F6-4389-855E-F4B7B85323A6}.Debug|Win32.Build.0 = Debug|Win32
		{45D49560-77F6-4389-855E-F4B7B85323A6}.Debug|x64.ActiveCfg = Debug|x64
		{45D49560-77F6-4389-855E-F4B7B85323A6}.Debug|x64.Build.0 = Debug|x64
		{45D49560-77F6-4389-855E-F4B7B85323A6}.Release MinDependency|Win32.ActiveCfg = Release|Win32
		{45D49560-77F6-4389-855E-F4B7B85323A6}.Release MinDependency|Win32.Build.0 = Release|Win32
		{45D49560-77F6-4389-855E-F4B7B85323A6}.Release MinDependency|x64.ActiveCfg = Release|x64
		{45D49560-77F6-4389-855E-F4B7B85323A6}.Release MinDependency|x64.Build.0 = Release|x64
		{45D49560-77F6-4389-855E-F4B7B85323A6}.Release MinSize|Win32.ActiveCfg = Release|Win32
		{45D49560-77F6-4389-855E-F4B7B85323A6}.Release MinSize|Win32.Build.0 = Release|Win32
		{45D49560-77F6-4389-855E-F4B7B85323A6}.Release MinSize|x64.ActiveCfg = Release|x64
		{45D49560-77F6-4389-855E-F4B7B85323A6}.Release MinSize|x64.Build.0 = Release|x64
		{45D49560-77F6-4389-855E-F4B7B85323A6}.Release|Win32.ActiveCfg = Release|Win32
		{45D49560-77F6-4389-855E-F4B7B85323A6}.Release|Win32.Build.0 = Release|Win32
		{45D49560-77F6-4389-855E-F4B7B85323A6}.Release|x64.ActiveCfg = Release|x64
		{45D49560-77F6-4389-855E-F4B7B85323A6}.Release|x64.Build.0 = Release|x64
		{45D49560-77F6-4389-855E-F4B7B85323A6}.Unicode Debug|Win32.ActiveCfg = Debug|Win32
		{45D49560-77F6-4389-855E-F4B7B85323A6}.Unicode Debug|Win32.Build.0 = Debug|Win32
		{45D49560-77F6-4389-855E-F4B7B85323A6}.Unicode Debug|x64.ActiveCfg = Debug|x64
		{45D49560-77F6-4389-855E-F4B7B85323A6}.Unicode Debug|x64.Build.0 = Debug|x64
		{45D49560-77F6-4389-855E-F4B7B85323A6}.Unicode Release MinDependency|Win32.ActiveCfg = Release|Win32
		{45D49560-77F6-4389-855E-F4B7B85323A6}.Unicode Release MinDependency|Win32.Build.0 = Release|Win32
		{45D49560-77F6-4389-855E-F4B7B85323A6}.Unicode Release MinDependency|x64.ActiveCfg = Release|x64
		{45D49560-77F6-4389-855E-F4B7B85323A6}.Unicode Release MinDependency|x64.Build.0 = Release|x64
		{45D49560-77F6-4389-855E-F4B7B85323A6}.Unicode Release MinSize|Win32.ActiveCfg = Release|Win32
		{45D49560-77F6-4389-855E-F4B7B85323A6}.Unicode Release MinSize|Win32.Build.0 = Release|Win32
		{45D49560-77F6-4389-855E-F4B7B85323A6}.Unicode Release MinSize|x64.ActiveCfg = Release|x64
		{45D49560-77F6-4389-855E-F4B7B85323A6}.Unicode Release MinSize|x64.Build.0 = Release|x64
		{41DEFC83-F626-4F93-94DB-9BEE23938BCD}.Debug|Win32.ActiveCfg = Debug|Win32
		{41DEFC83-F626-4F93-94DB-9BEE23938BCD}.Debug|Win32.Build.0 = Debug|Win32
		{41DEFC83-F626-4F93-94DB-9BEE23938BCD}.Debug|x64.ActiveCfg = Debug|x64
		{41DEFC83-F626-4F93-94DB-9BEE23938BCD}.Debug|x64.Build.0 = Debug|x64
		{41DEFC83-F626-4F93-94DB-9BEE23938BCD}.Release MinDependency|Win32.ActiveCfg = Release|Win32
		{41DEFC83-F626-4F93-94DB-9BEE23938BCD}.Release MinDependency|Win32.Build.0 = Release|Win32
		{41DEFC83-F626-4F93-94DB-9BEE23938BCD}.Release MinDependency|x64.ActiveCfg = Release|x64
		{41DEFC83-F626-4F93-94DB-9BEE23938BCD}.Release MinDependency|x64.Build.0 = Release|x64
		{41DEFC83-F626-4F93-94DB-9BEE23938BCD}.Release MinSize|Win32.ActiveCfg = Release|Win32
		{41DEFC83-F626-4F93-94DB-9BEE23938BCD}.Release MinSize|Win32.Build.0 = Release|Win32
		{41DEFC83-F626-4F93-94DB-9BEE23938BCD}.Release MinSize|x64.ActiveCfg = Release|x64
		{41DEFC83-F626-4F93-94DB-9BEE23938BCD}.Release MinSize|x64.Build.0 = Release|x64
		{41DEFC83-F626-4F93-94DB-9BEE23938BCD}.Release|Win32.ActiveCfg = Release|Win32
		{41DEFC83-F626-4F93-94DB-9BEE23938BCD}.Release|Win32.Build.0 = Release|Win32
		{41DEFC83-F626-4F93-94DB-9BEE23938BCD}.Release|x64.ActiveCfg = Release|x64
		{41DEFC83-F626-4F93-94DB-9BEE23938BCD}.Release|x64.Build.0 = Release|x64
		{41DEFC83-F626-4F93-94DB-9BEE23938BCD}.Unicode Debug|Win32.ActiveCfg = Debug|Win32
		{41DEFC83-F626-4F93-94DB-9BEE23938BCD}.Unicode Debug|Win32.Build.0 = Debug|Win32
		{41DEFC83-F626-4F93-94DB-9BEE23938BCD}.Unicode Debug|x64.ActiveCfg = Debug|x64
		{41DEFC83-F626-4F93-94DB-9BEE23938BCD}.Unicode Debug|x64.Build.0 = Debug|x64
		{41DEFC83-F626-4F93-94DB-9BEE23938BCD}.Unicode Release MinDependency|Win32.ActiveCfg = Release|Win32
		{41DEFC83-F626-4F93-94DB-9BEE23938BCD}.Unicode Release MinDependency|Win32.Build.0 = Release|Win32
		{41DEFC83-F626-4F93-94DB-9BEE23938BCD}.Unicode Release MinDependency|x64.ActiveCfg = Release|x64
		{41DEFC83-F626-4F93-94DB-9BEE23938BCD}.Unicode Release MinDependency|x64.Build.0 = Release|x64
		{41DEFC83-F626-4F93-94DB-9BEE23938BCD}.Unicode Release MinSize|Win32.ActiveCfg = Release|Win32
		{41DEFC83-F626-4F93-94DB-9BEE23938BCD}.Unicode Release MinSize|Win32.Build.0 = Release|Win32
		{41DEFC83-F626-4F93-94DB-9BEE23938BCD}.Unicode Release MinSize|x64.ActiveCfg = Release|x64
		{41DEFC83-F626-4F93-94DB-9BEE23938BCD}.Unicode Release MinSize|x64.Build.0 = Release|x64
		{9F399A08-1497-4786-921C-016681113848}.Debug|Win32.ActiveCfg = Debug|Win32
		{9F399A08-1497-4786-921C-016681113848}.Debug|Win32.Build.0 = Debug|Win32
		{9F399A08-1497-4786-921C-016681113848}.Debug|x64.ActiveCfg = Debug|x64
		{9F399A08-1497-4786-921C-016681113848}.Debug|x64.Build.0 = Debug|x64
		{9F399A08-1497-4786-921C-016681113848}.Release MinDependency|Win32.ActiveCfg = Release|Win32
		{9F399A08-1497-4786-921C-016681113848}.Release MinDependency|Win32.Build.0 = Release|Win32
		{9F399A08-1497-4786-921C-016681113848}.Release MinDependency|x64.ActiveCfg = Release|x64
		{9F399A08-1497-4786-921C-016681113848}.Release MinDependency|x64.Build.0 = Release|x64
		{9F399A08-1497-4786-921C-016681113848}.Release MinSize|Win32.ActiveCfg = Release|Win32
		{9F399A08-1497-4786-921C-016681113848}.Release MinSize|Win32.Build.0 = Release|Win32
		{9F399A08-1497-4786-921C-016681113848}.Release MinSize|x64.ActiveCfg = Release|x64
		{9F399A08-1497-4786-921C-016681113848}.Release MinSize|x64.Build.0 = Release|x64
		{9F399A08-1497-4786-921C-016681113848}.Release|Win32.ActiveCfg = Release|Win32
		{9F399A08-1497-4786-921C-016681113848}.Release|Win32.Build.0 = Release|Win32
		{9F399A08-1497-4786-921C-016681113848}.Release|x64.ActiveCfg = Release|x64
		{9F399A08-1497-4786-921C-016681113848}.Release|x64.Build.0 = Release|x64
		{9F399A08-1497-4786-921C-016681113848}.Unicode Debug|Win32.ActiveCfg = Debug|Win32
		{9F399A08-1497-4786-921C-016681113848}.Unicode Debug|Win32.Build.0 = Debug|Win32
		{9F399A08-1497-4786-921C-016681113848}.Unicode Debug|x64.ActiveCfg = Debug|x64
		{9F399A08-1497-4786-921C-016681113848}.Unicode Debug|x64.Build.0 = Debug|x64
		{9F399A08-1497-4786-921C-016681113848}.Unicode Release MinDependency|Win32.ActiveCfg = Release|Win32
		{9F399A08-1497-4786-921C-016681113848}.Unicode Release MinDependency|Win32.Build.0 = Release|Win32
		{9F399A08-1497-4786-921C-016681113848}.Unicode Release MinDependency|x64.ActiveCfg = Release|x64
		{9F399A08-1497-4786-921C-016681113848}.Unicode Release MinDependency|x64.Build.0 = Release|x64
		{9F399A08-1497-4786-921C-016681113848}.Unicode Release MinSize|Win32.ActiveCfg = Release|Win32
		{9F399A08-1497-4786-921C-016681113848}.Unicode Release MinSize|Win32.Build.0 = Release|Win32
		{9F399A08-1497-4786-921C-016681113848}.Unicode Release MinSize|x64.ActiveCfg = Release|x64
		{9F399A08-1497-4786-921C-016681113848}.Unicode Release MinSize|x64.Build.0 = Release|x64
		{96FDC116-2A84-45E8-8D36-A8191EB7936D}.Debug|Win32.ActiveCfg = Debug|Win32
		{96FDC116-2A84-45E8-8D36-A8191EB7936D}.Debug|Win32.Build.0 = Debug|Win32
		{96FDC116-2A84-45E8-8D36-A8191EB7936D}.Debug|x64.ActiveCfg = Debug|x64
		{96FDC116-2A84-45E8-8D36-A8191EB7936D}.Debug|x64.Build.0 = Debug|x64
		{96FDC116-2A84-45E8-8D36-A8191EB7936D}.Release MinDependency|Win32.ActiveCfg = Release|Win32
		{96FDC116-2A84-45E8-8D36-A8191EB7936D}.Release MinDependency|Win32.Build.0 = Release|Win32
		{96FDC116-2A84-45E8-8D36-A8191EB7936D}.Release MinDependency|x64.ActiveCfg = Release|x64
		{96FDC116-2A84-45E8-8D36-A8191EB7936D}.Release MinDependency|x64.Build.0 = Release|x64
		{96FDC116-2A84-45E8-8D36-A8191EB7936D}.Release MinSize|Win32.ActiveCfg = Release|Win32
		{96FDC116-2A84-45E8-8D36-A8191EB7936D}.Release MinSize|Win32.Build.0 = Release|Win32
		{96FDC116-2A84-45E8-8D36-A8191EB7936D}.Release MinSize|x64.ActiveCfg = Release|x64
		{96FDC116-2A84-45E8-8D36-A8191EB7936D}.Release MinSize|x64.Build.0 = Release|x64
		{96FDC116-2A84-45E8-8D36-A8191EB7936D}.Release|Win32.ActiveCfg = Release|Win32
		{96FDC116-2A84-45E8-8D36-A8191EB7936D}.Release|Win32.Build.0 = Release|Win32
		{96FDC116-2A84-45E8-8D36-A8191EB7936D}.Release|x64.ActiveCfg = Release|x64
		{96FDC116-2A84-45E8-8D36-A8191EB7936D}.Release|x64.Build.0 = Release|x64
		{96FDC116-2A84-45E8-8D36-A8191EB7936D}.Unicode Debug|Win32.ActiveCfg = Debug|Win32
		{96FDC116-2A84-45E8-8D36-A8191EB7936D}.Unicode Debug|Win32.Build.0 = Debug|Win32
		{96FDC116-2A84-45E8-8D36-A8191EB7936D}.Unicode Debug|x64.ActiveCfg = Debug|x64
		{96FDC116-2A84-45E8-8D36-A8191EB7936D}.Unicode Debug|x64.Build.0 = Debug|x64
		{96FDC116-2A84-45E8-8D36-A8191EB7936D}.Unicode Release MinDependency|Win32.ActiveCfg = Release|Win32
		{96FDC116-2A84-45E8-8D36-A8191EB7936D}.Unicode Release MinDependency|Win32.Build.0 = Release|Win32
		{96FDC116-2A84-45E8-8D36-A8191EB7936D}.Unicode Release MinDependency|x64.ActiveCfg = Release|x64
		{96FDC116-2A84-45E8-8D36-A8191EB7936D}.Unicode Release MinDependency|x64.Build.0 = Release|x64
		{96FDC116-2A84-45E8-8D36-A8191EB7936D}.Unicode Release MinSize|Win32.ActiveCfg = Release|Win32
		{96FDC116-2A84-45E8-8D36-A8191EB7936D}.Unicode Release MinSize|Win32.Build.0 = Release|Win32
		{96FDC116-2A84-45E8-8D36-A8191EB7936D}.Unicode Release MinSize|x64.ActiveCfg = Release|x64
		{96FDC116-2A84-45E8-8D36-A8191EB7936D}.Unicode Release MinSize|x64.Build.0 = Release|x64
	EndGlobalSection
	GlobalSection(SolutionProperties) = preSolution
		HideSolutionNode = FALSE
	EndGlobalSection
EndGlobal
